{
  "name": "dsh-ltm-gate",
  "version": "0.1.0",
  "lockfileVersion": 3,
  "requires": true,
  "packages": {
    "": {
      "name": "dsh-ltm-gate",
      "version": "0.1.0",
      "dependencies": {
        "@deepseek-ai/dsh-llm": "*"
      }
    },
    "../../.npm/_npx/1e7f6d9597241db0/node_modules/@deepseek-ai/dsh-llm": {
      "version": "0.1.5-rc.2",
      "license": "MIT",
      "dependencies": {
        "@deepseek-ai/dsh-brand": "^0.1.5-rc.2",
        "@deepseek-ai/dsh-timeout": "^0.1.5-rc.2",
        "@deepseek-ai/dsh-typert-protocol": "^0.1.5-rc.2",
        "@deepseek-ai/dsh-util-crypto": "^0.1.5-rc.2",
        "@deepseek-ai/dsh-util-values": "^0.1.5-rc.2",
        "@deepseek-ai/schemastery": "^3.18.2",
        "zod": "^4.4.3"
      },
      "devDependencies": {
        "@deepseek-ai/cordis": "^4.0.2",
        "@deepseek-ai/dsh-attachment": "^0.1.5-rc.2",
        "@deepseek-ai/dsh-invariants": "^0.1.5-rc.2"
      },
      "peerDependencies": {
        "@deepseek-ai/cordis": "^4.0.2"
      }
    },
    "node_modules/@deepseek-ai/dsh-llm": {
      "resolved": "../../.npm/_npx/1e7f6d9597241db0/node_modules/@deepseek-ai/dsh-llm",
      "link": true
    }
  }
}
